
Microsoft Visual Studio Solution File, Format Version 11.00
# Visual Studio 2010
Project("{FAE04EC0-301F-11D3-BF4B-00C04F79EFBC}") = "IBUcalc", "IBUcalc.csproj", "{D7FC1EEC-50A1-4B4F-B3D0-D4FF819B26F8}"
EndProject
Project("{54435603-DBB4-11D2-8724-00A0C9A8B90C}") = "IBUcalc_setup", "..\IBUcalc_setup\IBUcalc_setup.vdproj", "{2666820E-9840-4B1C-B99F-1D48D87CE78B}"
EndProject
Global
	GlobalSection(SolutionConfigurationPlatforms) = preSolution
		Debug|x86 = Debug|x86
		Release|x86 = Release|x86
	EndGlobalSection
	GlobalSection(ProjectConfigurationPlatforms) = postSolution
		{D7FC1EEC-50A1-4B4F-B3D0-D4FF819B26F8}.Debug|x86.ActiveCfg = Debug|x86
		{D7FC1EEC-50A1-4B4F-B3D0-D4FF819B26F8}.Debug|x86.Build.0 = Debug|x86
		{D7FC1EEC-50A1-4B4F-B3D0-D4FF819B26F8}.Release|x86.ActiveCfg = Release|x86
		{D7FC1EEC-50A1-4B4F-B3D0-D4FF819B26F8}.Release|x86.Build.0 = Release|x86
		{2666820E-9840-4B1C-B99F-1D48D87CE78B}.Debug|x86.ActiveCfg = Debug
		{2666820E-9840-4B1C-B99F-1D48D87CE78B}.Release|x86.ActiveCfg = Release
	EndGlobalSection
	GlobalSection(SolutionProperties) = preSolution
		HideSolutionNode = FALSE
	EndGlobalSection
EndGlobal
